
Microsoft Visual Studio Solution File, Format Version 12.00
# Visual Studio Version 16
VisualStudioVersion = 16.0.30330.147
MinimumVisualStudioVersion = 10.0.40219.1
Project("{FAE04EC0-301F-11D3-BF4B-00C04F79EFBC}") = "01_Intro", "01_Intro\01_Intro.csproj", "{F9AD5471-7570-445B-A7BA-CA6324985113}"
EndProject
Project("{FAE04EC0-301F-11D3-BF4B-00C04F79EFBC}") = "02_Arrays", "02_Arrays\02_Arrays.csproj", "{BAC0D4E0-8B3D-4353-86DC-77A3240B899B}"
EndProject
Project("{FAE04EC0-301F-11D3-BF4B-00C04F79EFBC}") = "03_MethodArrays", "03_MethodArrays\03_MethodArrays.csproj", "{1B9E6BA2-FA1F-49C1-8F42-D13EAF067CCD}"
EndProject
Project("{FAE04EC0-301F-11D3-BF4B-00C04F79EFBC}") = "04_Matrix", "04_Matrix\04_Matrix.csproj", "{852A2234-7B42-4232-8480-F46193C1CF1D}"
EndProject
Project("{FAE04EC0-301F-11D3-BF4B-00C04F79EFBC}") = "05_juggedArrays", "05_juggedArrays\05_juggedArrays.csproj", "{48D3E8B6-B90E-4C6E-8B04-6E7CA7B5AFE5}"
EndProject
Project("{FAE04EC0-301F-11D3-BF4B-00C04F79EFBC}") = "06_String", "06_String\06_String.csproj", "{357F1D75-7B3C-4A7D-BA2F-5C326E6A5A44}"
EndProject
Project("{FAE04EC0-301F-11D3-BF4B-00C04F79EFBC}") = "07_StringBuilder", "07_StringBuilder\07_StringBuilder.csproj", "{EFFF5F86-876D-4F8B-9FE9-8F9433CBD594}"
EndProject
Project("{FAE04EC0-301F-11D3-BF4B-00C04F79EFBC}") = "08_Methods", "08_Methods\08_Methods.csproj", "{EB12CD5B-D5F7-4FD4-B42D-A4184954407E}"
EndProject
Project("{FAE04EC0-301F-11D3-BF4B-00C04F79EFBC}") = "09_Parameters", "09_Parameters\09_Parameters.csproj", "{699E00FC-70F6-4066-9B86-1210E04A3867}"
EndProject
Project("{FAE04EC0-301F-11D3-BF4B-00C04F79EFBC}") = "10_Class", "10_Class\10_Class.csproj", "{B6F6539B-465C-49F8-ABD1-8C7C21E65F5B}"
EndProject
Project("{FAE04EC0-301F-11D3-BF4B-00C04F79EFBC}") = "StudentLibrary", "StudentLibrary\StudentLibrary.csproj", "{FBAF2B9E-90AB-41B7-86C4-C551136216B0}"
EndProject
Project("{FAE04EC0-301F-11D3-BF4B-00C04F79EFBC}") = "11_Modifiers", "11_Modifiers\11_Modifiers.csproj", "{C75BB046-0723-49F0-B78F-5FD4D0E4AFB0}"
EndProject
Project("{2150E333-8FDC-42A3-9474-1A3956D46DE8}") = "Exceptions", "Exceptions", "{7F3F8871-E5FF-4E3D-BAA7-51C99E44F53C}"
EndProject
Project("{FAE04EC0-301F-11D3-BF4B-00C04F79EFBC}") = "12_Exceptions", "12_Exceptions\12_Exceptions.csproj", "{51180215-73FD-41EA-8B3A-AF908483504D}"
EndProject
Project("{FAE04EC0-301F-11D3-BF4B-00C04F79EFBC}") = "13_Exceptions", "13_Exceptions\13_Exceptions.csproj", "{E6660CED-ED7B-480B-83BB-A4527E58F516}"
EndProject
Project("{FAE04EC0-301F-11D3-BF4B-00C04F79EFBC}") = "14_NestedTry", "14_NestedTry\14_NestedTry.csproj", "{6E379D68-5E59-48F9-B316-94F677DD6322}"
EndProject
Project("{FAE04EC0-301F-11D3-BF4B-00C04F79EFBC}") = "15_re-throw", "15_re-throw\15_re-throw.csproj", "{EF1316C4-B498-4208-AB5F-FB466E49DC18}"
EndProject
Project("{FAE04EC0-301F-11D3-BF4B-00C04F79EFBC}") = "16_InnerException", "16_InnerException\16_InnerException.csproj", "{12D9D1A6-CE6B-4543-98EC-64ABD891062E}"
EndProject
Project("{FAE04EC0-301F-11D3-BF4B-00C04F79EFBC}") = "17_Equals", "17_Equals\17_Equals.csproj", "{EFD00AA6-1EEF-4377-9D21-35345447B586}"
EndProject
Project("{FAE04EC0-301F-11D3-BF4B-00C04F79EFBC}") = "18_OverloadOperators", "18_OverloadOperators\18_OverloadOperators.csproj", "{7C4F7C9E-6EBC-4AE6-86BE-23C780763672}"
EndProject
Project("{2150E333-8FDC-42A3-9474-1A3956D46DE8}") = "Inheritance", "Inheritance", "{B88F535D-ED09-4399-A79A-D9C1FEA6AB58}"
EndProject
Project("{FAE04EC0-301F-11D3-BF4B-00C04F79EFBC}") = "19_Inheritance_01", "19_Inheritance_01\19_Inheritance_01.csproj", "{B9A57E33-F949-4B68-9242-CCA87406CE35}"
EndProject
Project("{FAE04EC0-301F-11D3-BF4B-00C04F79EFBC}") = "20_ExtMethods", "20_ExtMethods\20_ExtMethods.csproj", "{936928ED-D239-4635-AA0C-1B23150A4067}"
EndProject
Project("{FAE04EC0-301F-11D3-BF4B-00C04F79EFBC}") = "21_abstract", "21_abstract\21_abstract.csproj", "{61DF2F5F-1C95-41FF-ACDD-09A3BA6FE091}"
EndProject
Project("{FAE04EC0-301F-11D3-BF4B-00C04F79EFBC}") = "21_Interfaces", "21_Interfaces\21_Interfaces.csproj", "{7F744C0E-976B-4269-86E5-6F9A932E3329}"
EndProject
Project("{FAE04EC0-301F-11D3-BF4B-00C04F79EFBC}") = "22_Enum", "22_Enum\22_Enum.csproj", "{1319B132-580B-4AA9-A907-0098489AA0C8}"
EndProject
Project("{FAE04EC0-301F-11D3-BF4B-00C04F79EFBC}") = "23_StdInterfaces", "23_StdInterfaces\23_StdInterfaces.csproj", "{2747164A-7864-49FB-8D6D-F72FF1FD3CE1}"
EndProject
Project("{FAE04EC0-301F-11D3-BF4B-00C04F79EFBC}") = "24_Comparer", "24_Comparer\24_Comparer.csproj", "{850E957D-53A5-443C-A4BE-508934424DF4}"
EndProject
Project("{FAE04EC0-301F-11D3-BF4B-00C04F79EFBC}") = "25_Delegates", "25_Delegates\25_Delegates.csproj", "{0CF2E9DB-9287-4391-A335-4E972CA60FF3}"
EndProject
Project("{FAE04EC0-301F-11D3-BF4B-00C04F79EFBC}") = "26_DelegateAsParams", "26_DelegateAsParams\26_DelegateAsParams.csproj", "{C2F3C28D-ED92-4856-B32E-3A4EFE4F7551}"
EndProject
Project("{FAE04EC0-301F-11D3-BF4B-00C04F79EFBC}") = "27_AnonymousMethods", "27_AnonymousMethods\27_AnonymousMethods.csproj", "{EB56F818-BB79-4AC6-8855-A6349B460E8E}"
EndProject
Project("{FAE04EC0-301F-11D3-BF4B-00C04F79EFBC}") = "28_StdDelegates", "28_StdDelegates\28_StdDelegates.csproj", "{7BD95445-BDAA-4BCF-A54B-284B35DC2EE7}"
EndProject
Global
	GlobalSection(SolutionConfigurationPlatforms) = preSolution
		Debug|Any CPU = Debug|Any CPU
		Release|Any CPU = Release|Any CPU
	EndGlobalSection
	GlobalSection(ProjectConfigurationPlatforms) = postSolution
		{F9AD5471-7570-445B-A7BA-CA6324985113}.Debug|Any CPU.ActiveCfg = Debug|Any CPU
		{F9AD5471-7570-445B-A7BA-CA6324985113}.Debug|Any CPU.Build.0 = Debug|Any CPU
		{F9AD5471-7570-445B-A7BA-CA6324985113}.Release|Any CPU.ActiveCfg = Release|Any CPU
		{F9AD5471-7570-445B-A7BA-CA6324985113}.Release|Any CPU.Build.0 = Release|Any CPU
		{BAC0D4E0-8B3D-4353-86DC-77A3240B899B}.Debug|Any CPU.ActiveCfg = Debug|Any CPU
		{BAC0D4E0-8B3D-4353-86DC-77A3240B899B}.Debug|Any CPU.Build.0 = Debug|Any CPU
		{BAC0D4E0-8B3D-4353-86DC-77A3240B899B}.Release|Any CPU.ActiveCfg = Release|Any CPU
		{BAC0D4E0-8B3D-4353-86DC-77A3240B899B}.Release|Any CPU.Build.0 = Release|Any CPU
		{1B9E6BA2-FA1F-49C1-8F42-D13EAF067CCD}.Debug|Any CPU.ActiveCfg = Debug|Any CPU
		{1B9E6BA2-FA1F-49C1-8F42-D13EAF067CCD}.Debug|Any CPU.Build.0 = Debug|Any CPU
		{1B9E6BA2-FA1F-49C1-8F42-D13EAF067CCD}.Release|Any CPU.ActiveCfg = Release|Any CPU
		{1B9E6BA2-FA1F-49C1-8F42-D13EAF067CCD}.Release|Any CPU.Build.0 = Release|Any CPU
		{852A2234-7B42-4232-8480-F46193C1CF1D}.Debug|Any CPU.ActiveCfg = Debug|Any CPU
		{852A2234-7B42-4232-8480-F46193C1CF1D}.Debug|Any CPU.Build.0 = Debug|Any CPU
		{852A2234-7B42-4232-8480-F46193C1CF1D}.Release|Any CPU.ActiveCfg = Release|Any CPU
		{852A2234-7B42-4232-8480-F46193C1CF1D}.Release|Any CPU.Build.0 = Release|Any CPU
		{48D3E8B6-B90E-4C6E-8B04-6E7CA7B5AFE5}.Debug|Any CPU.ActiveCfg = Debug|Any CPU
		{48D3E8B6-B90E-4C6E-8B04-6E7CA7B5AFE5}.Debug|Any CPU.Build.0 = Debug|Any CPU
		{48D3E8B6-B90E-4C6E-8B04-6E7CA7B5AFE5}.Release|Any CPU.ActiveCfg = Release|Any CPU
		{48D3E8B6-B90E-4C6E-8B04-6E7CA7B5AFE5}.Release|Any CPU.Build.0 = Release|Any CPU
		{357F1D75-7B3C-4A7D-BA2F-5C326E6A5A44}.Debug|Any CPU.ActiveCfg = Debug|Any CPU
		{357F1D75-7B3C-4A7D-BA2F-5C326E6A5A44}.Debug|Any CPU.Build.0 = Debug|Any CPU
		{357F1D75-7B3C-4A7D-BA2F-5C326E6A5A44}.Release|Any CPU.ActiveCfg = Release|Any CPU
		{357F1D75-7B3C-4A7D-BA2F-5C326E6A5A44}.Release|Any CPU.Build.0 = Release|Any CPU
		{EFFF5F86-876D-4F8B-9FE9-8F9433CBD594}.Debug|Any CPU.ActiveCfg = Debug|Any CPU
		{EFFF5F86-876D-4F8B-9FE9-8F9433CBD594}.Debug|Any CPU.Build.0 = Debug|Any CPU
		{EFFF5F86-876D-4F8B-9FE9-8F9433CBD594}.Release|Any CPU.ActiveCfg = Release|Any CPU
		{EFFF5F86-876D-4F8B-9FE9-8F9433CBD594}.Release|Any CPU.Build.0 = Release|Any CPU
		{EB12CD5B-D5F7-4FD4-B42D-A4184954407E}.Debug|Any CPU.ActiveCfg = Debug|Any CPU
		{EB12CD5B-D5F7-4FD4-B42D-A4184954407E}.Debug|Any CPU.Build.0 = Debug|Any CPU
		{EB12CD5B-D5F7-4FD4-B42D-A4184954407E}.Release|Any CPU.ActiveCfg = Release|Any CPU
		{EB12CD5B-D5F7-4FD4-B42D-A4184954407E}.Release|Any CPU.Build.0 = Release|Any CPU
		{699E00FC-70F6-4066-9B86-1210E04A3867}.Debug|Any CPU.ActiveCfg = Debug|Any CPU
		{699E00FC-70F6-4066-9B86-1210E04A3867}.Debug|Any CPU.Build.0 = Debug|Any CPU
		{699E00FC-70F6-4066-9B86-1210E04A3867}.Release|Any CPU.ActiveCfg = Release|Any CPU
		{699E00FC-70F6-4066-9B86-1210E04A3867}.Release|Any CPU.Build.0 = Release|Any CPU
		{B6F6539B-465C-49F8-ABD1-8C7C21E65F5B}.Debug|Any CPU.ActiveCfg = Debug|Any CPU
		{B6F6539B-465C-49F8-ABD1-8C7C21E65F5B}.Debug|Any CPU.Build.0 = Debug|Any CPU
		{B6F6539B-465C-49F8-ABD1-8C7C21E65F5B}.Release|Any CPU.ActiveCfg = Release|Any CPU
		{B6F6539B-465C-49F8-ABD1-8C7C21E65F5B}.Release|Any CPU.Build.0 = Release|Any CPU
		{FBAF2B9E-90AB-41B7-86C4-C551136216B0}.Debug|Any CPU.ActiveCfg = Debug|Any CPU
		{FBAF2B9E-90AB-41B7-86C4-C551136216B0}.Debug|Any CPU.Build.0 = Debug|Any CPU
		{FBAF2B9E-90AB-41B7-86C4-C551136216B0}.Release|Any CPU.ActiveCfg = Release|Any CPU
		{FBAF2B9E-90AB-41B7-86C4-C551136216B0}.Release|Any CPU.Build.0 = Release|Any CPU
		{C75BB046-0723-49F0-B78F-5FD4D0E4AFB0}.Debug|Any CPU.ActiveCfg = Debug|Any CPU
		{C75BB046-0723-49F0-B78F-5FD4D0E4AFB0}.Debug|Any CPU.Build.0 = Debug|Any CPU
		{C75BB046-0723-49F0-B78F-5FD4D0E4AFB0}.Release|Any CPU.ActiveCfg = Release|Any CPU
		{C75BB046-0723-49F0-B78F-5FD4D0E4AFB0}.Release|Any CPU.Build.0 = Release|Any CPU
		{51180215-73FD-41EA-8B3A-AF908483504D}.Debug|Any CPU.ActiveCfg = Debug|Any CPU
		{51180215-73FD-41EA-8B3A-AF908483504D}.Debug|Any CPU.Build.0 = Debug|Any CPU
		{51180215-73FD-41EA-8B3A-AF908483504D}.Release|Any CPU.ActiveCfg = Release|Any CPU
		{51180215-73FD-41EA-8B3A-AF908483504D}.Release|Any CPU.Build.0 = Release|Any CPU
		{E6660CED-ED7B-480B-83BB-A4527E58F516}.Debug|Any CPU.ActiveCfg = Debug|Any CPU
		{E6660CED-ED7B-480B-83BB-A4527E58F516}.Debug|Any CPU.Build.0 = Debug|Any CPU
		{E6660CED-ED7B-480B-83BB-A4527E58F516}.Release|Any CPU.ActiveCfg = Release|Any CPU
		{E6660CED-ED7B-480B-83BB-A4527E58F516}.Release|Any CPU.Build.0 = Release|Any CPU
		{6E379D68-5E59-48F9-B316-94F677DD6322}.Debug|Any CPU.ActiveCfg = Debug|Any CPU
		{6E379D68-5E59-48F9-B316-94F677DD6322}.Debug|Any CPU.Build.0 = Debug|Any CPU
		{6E379D68-5E59-48F9-B316-94F677DD6322}.Release|Any CPU.ActiveCfg = Release|Any CPU
		{6E379D68-5E59-48F9-B316-94F677DD6322}.Release|Any CPU.Build.0 = Release|Any CPU
		{EF1316C4-B498-4208-AB5F-FB466E49DC18}.Debug|Any CPU.ActiveCfg = Debug|Any CPU
		{EF1316C4-B498-4208-AB5F-FB466E49DC18}.Debug|Any CPU.Build.0 = Debug|Any CPU
		{EF1316C4-B498-4208-AB5F-FB466E49DC18}.Release|Any CPU.ActiveCfg = Release|Any CPU
		{EF1316C4-B498-4208-AB5F-FB466E49DC18}.Release|Any CPU.Build.0 = Release|Any CPU
		{12D9D1A6-CE6B-4543-98EC-64ABD891062E}.Debug|Any CPU.ActiveCfg = Debug|Any CPU
		{12D9D1A6-CE6B-4543-98EC-64ABD891062E}.Debug|Any CPU.Build.0 = Debug|Any CPU
		{12D9D1A6-CE6B-4543-98EC-64ABD891062E}.Release|Any CPU.ActiveCfg = Release|Any CPU
		{12D9D1A6-CE6B-4543-98EC-64ABD891062E}.Release|Any CPU.Build.0 = Release|Any CPU
		{EFD00AA6-1EEF-4377-9D21-35345447B586}.Debug|Any CPU.ActiveCfg = Debug|Any CPU
		{EFD00AA6-1EEF-4377-9D21-35345447B586}.Debug|Any CPU.Build.0 = Debug|Any CPU
		{EFD00AA6-1EEF-4377-9D21-35345447B586}.Release|Any CPU.ActiveCfg = Release|Any CPU
		{EFD00AA6-1EEF-4377-9D21-35345447B586}.Release|Any CPU.Build.0 = Release|Any CPU
		{7C4F7C9E-6EBC-4AE6-86BE-23C780763672}.Debug|Any CPU.ActiveCfg = Debug|Any CPU
		{7C4F7C9E-6EBC-4AE6-86BE-23C780763672}.Debug|Any CPU.Build.0 = Debug|Any CPU
		{7C4F7C9E-6EBC-4AE6-86BE-23C780763672}.Release|Any CPU.ActiveCfg = Release|Any CPU
		{7C4F7C9E-6EBC-4AE6-86BE-23C780763672}.Release|Any CPU.Build.0 = Release|Any CPU
		{B9A57E33-F949-4B68-9242-CCA87406CE35}.Debug|Any CPU.ActiveCfg = Debug|Any CPU
		{B9A57E33-F949-4B68-9242-CCA87406CE35}.Debug|Any CPU.Build.0 = Debug|Any CPU
		{B9A57E33-F949-4B68-9242-CCA87406CE35}.Release|Any CPU.ActiveCfg = Release|Any CPU
		{B9A57E33-F949-4B68-9242-CCA87406CE35}.Release|Any CPU.Build.0 = Release|Any CPU
		{936928ED-D239-4635-AA0C-1B23150A4067}.Debug|Any CPU.ActiveCfg = Debug|Any CPU
		{936928ED-D239-4635-AA0C-1B23150A4067}.Debug|Any CPU.Build.0 = Debug|Any CPU
		{936928ED-D239-4635-AA0C-1B23150A4067}.Release|Any CPU.ActiveCfg = Release|Any CPU
		{936928ED-D239-4635-AA0C-1B23150A4067}.Release|Any CPU.Build.0 = Release|Any CPU
		{61DF2F5F-1C95-41FF-ACDD-09A3BA6FE091}.Debug|Any CPU.ActiveCfg = Debug|Any CPU
		{61DF2F5F-1C95-41FF-ACDD-09A3BA6FE091}.Debug|Any CPU.Build.0 = Debug|Any CPU
		{61DF2F5F-1C95-41FF-ACDD-09A3BA6FE091}.Release|Any CPU.ActiveCfg = Release|Any CPU
		{61DF2F5F-1C95-41FF-ACDD-09A3BA6FE091}.Release|Any CPU.Build.0 = Release|Any CPU
		{7F744C0E-976B-4269-86E5-6F9A932E3329}.Debug|Any CPU.ActiveCfg = Debug|Any CPU
		{7F744C0E-976B-4269-86E5-6F9A932E3329}.Debug|Any CPU.Build.0 = Debug|Any CPU
		{7F744C0E-976B-4269-86E5-6F9A932E3329}.Release|Any CPU.ActiveCfg = Release|Any CPU
		{7F744C0E-976B-4269-86E5-6F9A932E3329}.Release|Any CPU.Build.0 = Release|Any CPU
		{1319B132-580B-4AA9-A907-0098489AA0C8}.Debug|Any CPU.ActiveCfg = Debug|Any CPU
		{1319B132-580B-4AA9-A907-0098489AA0C8}.Debug|Any CPU.Build.0 = Debug|Any CPU
		{1319B132-580B-4AA9-A907-0098489AA0C8}.Release|Any CPU.ActiveCfg = Release|Any CPU
		{1319B132-580B-4AA9-A907-0098489AA0C8}.Release|Any CPU.Build.0 = Release|Any CPU
		{2747164A-7864-49FB-8D6D-F72FF1FD3CE1}.Debug|Any CPU.ActiveCfg = Debug|Any CPU
		{2747164A-7864-49FB-8D6D-F72FF1FD3CE1}.Debug|Any CPU.Build.0 = Debug|Any CPU
		{2747164A-7864-49FB-8D6D-F72FF1FD3CE1}.Release|Any CPU.ActiveCfg = Release|Any CPU
		{2747164A-7864-49FB-8D6D-F72FF1FD3CE1}.Release|Any CPU.Build.0 = Release|Any CPU
		{850E957D-53A5-443C-A4BE-508934424DF4}.Debug|Any CPU.ActiveCfg = Debug|Any CPU
		{850E957D-53A5-443C-A4BE-508934424DF4}.Debug|Any CPU.Build.0 = Debug|Any CPU
		{850E957D-53A5-443C-A4BE-508934424DF4}.Release|Any CPU.ActiveCfg = Release|Any CPU
		{850E957D-53A5-443C-A4BE-508934424DF4}.Release|Any CPU.Build.0 = Release|Any CPU
		{0CF2E9DB-9287-4391-A335-4E972CA60FF3}.Debug|Any CPU.ActiveCfg = Debug|Any CPU
		{0CF2E9DB-9287-4391-A335-4E972CA60FF3}.Debug|Any CPU.Build.0 = Debug|Any CPU
		{0CF2E9DB-9287-4391-A335-4E972CA60FF3}.Release|Any CPU.ActiveCfg = Release|Any CPU
		{0CF2E9DB-9287-4391-A335-4E972CA60FF3}.Release|Any CPU.Build.0 = Release|Any CPU
		{C2F3C28D-ED92-4856-B32E-3A4EFE4F7551}.Debug|Any CPU.ActiveCfg = Debug|Any CPU
		{C2F3C28D-ED92-4856-B32E-3A4EFE4F7551}.Debug|Any CPU.Build.0 = Debug|Any CPU
		{C2F3C28D-ED92-4856-B32E-3A4EFE4F7551}.Release|Any CPU.ActiveCfg = Release|Any CPU
		{C2F3C28D-ED92-4856-B32E-3A4EFE4F7551}.Release|Any CPU.Build.0 = Release|Any CPU
		{EB56F818-BB79-4AC6-8855-A6349B460E8E}.Debug|Any CPU.ActiveCfg = Debug|Any CPU
		{EB56F818-BB79-4AC6-8855-A6349B460E8E}.Debug|Any CPU.Build.0 = Debug|Any CPU
		{EB56F818-BB79-4AC6-8855-A6349B460E8E}.Release|Any CPU.ActiveCfg = Release|Any CPU
		{EB56F818-BB79-4AC6-8855-A6349B460E8E}.Release|Any CPU.Build.0 = Release|Any CPU
		{7BD95445-BDAA-4BCF-A54B-284B35DC2EE7}.Debug|Any CPU.ActiveCfg = Debug|Any CPU
		{7BD95445-BDAA-4BCF-A54B-284B35DC2EE7}.Debug|Any CPU.Build.0 = Debug|Any CPU
		{7BD95445-BDAA-4BCF-A54B-284B35DC2EE7}.Release|Any CPU.ActiveCfg = Release|Any CPU
		{7BD95445-BDAA-4BCF-A54B-284B35DC2EE7}.Release|Any CPU.Build.0 = Release|Any CPU
	EndGlobalSection
	GlobalSection(SolutionProperties) = preSolution
		HideSolutionNode = FALSE
	EndGlobalSection
	GlobalSection(NestedProjects) = preSolution
		{51180215-73FD-41EA-8B3A-AF908483504D} = {7F3F8871-E5FF-4E3D-BAA7-51C99E44F53C}
		{E6660CED-ED7B-480B-83BB-A4527E58F516} = {7F3F8871-E5FF-4E3D-BAA7-51C99E44F53C}
		{6E379D68-5E59-48F9-B316-94F677DD6322} = {7F3F8871-E5FF-4E3D-BAA7-51C99E44F53C}
		{EF1316C4-B498-4208-AB5F-FB466E49DC18} = {7F3F8871-E5FF-4E3D-BAA7-51C99E44F53C}
		{12D9D1A6-CE6B-4543-98EC-64ABD891062E} = {7F3F8871-E5FF-4E3D-BAA7-51C99E44F53C}
		{B9A57E33-F949-4B68-9242-CCA87406CE35} = {B88F535D-ED09-4399-A79A-D9C1FEA6AB58}
		{936928ED-D239-4635-AA0C-1B23150A4067} = {B88F535D-ED09-4399-A79A-D9C1FEA6AB58}
		{61DF2F5F-1C95-41FF-ACDD-09A3BA6FE091} = {B88F535D-ED09-4399-A79A-D9C1FEA6AB58}
	EndGlobalSection
	GlobalSection(ExtensibilityGlobals) = postSolution
		SolutionGuid = {D23237E9-14A6-4844-B6F7-1B58B88084E0}
	EndGlobalSection
EndGlobal
